// !$*UTF8*$!
{
	archiveVersion = 1;
	classes = {
	};
	objectVersion = 46;
	objects = {

/* Begin PBXBuildFile section */
		521606CA1DA6A39B002ED150 /* main.cpp in Sources */ = {isa = PBXBuildFile; fileRef = 521606C91DA6A39B002ED150 /* main.cpp */; };
		521606D21DA6A3E9002ED150 /* animal.cpp in Sources */ = {isa = PBXBuildFile; fileRef = 521606D01DA6A3E9002ED150 /* animal.cpp */; };
/* End PBXBuildFile section */

/* Begin PBXCopyFilesBuildPhase section */
		521606C41DA6A39B002ED150 /* CopyFiles */ = {
			isa = PBXCopyFilesBuildPhase;
			buildActionMask = 2147483647;
			dstPath = /usr/share/man/man1/;
			dstSubfolderSpec = 0;
			files = (
			);
			runOnlyForDeploymentPostprocessing = 1;
		};
/* End PBXCopyFilesBuildPhase section */

/* Begin PBXFileReference section */
		521606C61DA6A39B002ED150 /* Group Project 2 */ = {isa = PBXFileReference; explicitFileType = "compiled.mach-o.executable"; includeInIndex = 0; path = "Group Project 2"; sourceTree = BUILT_PRODUCTS_DIR; };
		521606C91DA6A39B002ED150 /* main.cpp */ = {isa = PBXFileReference; lastKnownFileType = sourcecode.cpp.cpp; path = main.cpp; sourceTree = "<group>"; };
		521606D01DA6A3E9002ED150 /* animal.cpp */ = {isa = PBXFileReference; fileEncoding = 4; lastKnownFileType = sourcecode.cpp.cpp; path = animal.cpp; sourceTree = "<group>"; };
/* End PBXFileReference section */

/* Begin PBXFrameworksBuildPhase section */
		521606C31DA6A39B002ED150 /* Frameworks */ = {
			isa = PBXFrameworksBuildPhase;
			buildActionMask = 2147483647;
			files = (
			);
			runOnlyForDeploymentPostprocessing = 0;
		};
/* End PBXFrameworksBuildPhase section */

/* Begin PBXGroup section */
		521606BD1DA6A39A002ED150 = {
			isa = PBXGroup;
			children = (
				521606C81DA6A39B002ED150 /* Group Project 2 */,
				521606C71DA6A39B002ED150 /* Products */,
			);
			sourceTree = "<group>";
		};
		521606C71DA6A39B002ED150 /* Products */ = {
			isa = PBXGroup;
			children = (
				521606C61DA6A39B002ED150 /* Group Project 2 */,
			);
			name = Products;
			sourceTree = "<group>";
		};
		521606C81DA6A39B002ED150 /* Group Project 2 */ = {
			isa = PBXGroup;
			children = (
				521606C91DA6A39B002ED150 /* main.cpp */,
				521606D01DA6A3E9002ED150 /* animal.cpp */,
			);
			path = "Group Project 2";
			sourceTree = "<group>";
		};
/* End PBXGroup section */

/* Begin PBXNativeTarget section */
		521606C51DA6A39B002ED150 /* Group Project 2 */ = {
			isa = PBXNativeTarget;
			buildConfigurationList = 521606CD1DA6A39B002ED150 /* Build configuration list for PBXNativeTarget "Group Project 2" */;
			buildPhases = (
				521606C21DA6A39B002ED150 /* Sources */,
				521606C31DA6A39B002ED150 /* Frameworks */,
				521606C41DA6A39B002ED150 /* CopyFiles */,
			);
			buildRules = (
			);
			dependencies = (
			);
			name = "Group Project 2";
			productName = "Group Project 2";
			productReference = 521606C61DA6A39B002ED150 /* Group Project 2 */;
			productType = "com.apple.product-type.tool";
		};
/* End PBXNativeTarget section */

/* Begin PBXProject section */
		521606BE1DA6A39A002ED150 /* Project object */ = {
			isa = PBXProject;
			attributes = {
				LastUpgradeCheck = 0800;
				ORGANIZATIONNAME = "Gal Egozi";
				TargetAttributes = {
					521606C51DA6A39B002ED150 = {
						CreatedOnToolsVersion = 8.0;
						DevelopmentTeam = 335TKEQHQK;
						ProvisioningStyle = Automatic;
					};
				};
			};
			buildConfigurationList = 521606C11DA6A39A002ED150 /* Build configuration list for PBXProject "Group Project 2" */;
			compatibilityVersion = "Xcode 3.2";
			developmentRegion = English;
			hasScannedForEncodings = 0;
			knownRegions = (
				en,
			);
			mainGroup = 521606BD1DA6A39A002ED150;
			productRefGroup = 521606C71DA6A39B002ED150 /* Products */;
			projectDirPath = "";
			projectRoot = "";
			targets = (
				521606C51DA6A39B002ED150 /* Group Project 2 */,
			);
		};
/* End PBXProject section */

/* Begin PBXSourcesBuildPhase section */
		521606C21DA6A39B002ED150 /* Sources */ = {
			isa = PBXSourcesBuildPhase;
			buildActionMask = 2147483647;
			files = (
				521606CA1DA6A39B002ED150 /* main.cpp in Sources */,
				521606D21DA6A3E9002ED150 /* animal.cpp in Sources */,
			);
			runOnlyForDeploymentPostprocessing = 0;
		};
/* End PBXSourcesBuildPhase section */

/* Begin XCBuildConfiguration section */
		521606CB1DA6A39B002ED150 /* Debug */ = {
			isa = XCBuildConfiguration;
			buildSettings = {
				ALWAYS_SEARCH_USER_PATHS = NO;
				CLANG_ANALYZER_NONNULL = YES;
				CLANG_CXX_LANGUAGE_STANDARD = "gnu++0x";
				CLANG_CXX_LIBRARY = "libc++";
				CLANG_ENABLE_MODULES = YES;
				CLANG_ENABLE_OBJC_ARC = YES;
				CLANG_WARN_BOOL_CONVERSION = YES;
				CLANG_WARN_CONSTANT_CONVERSION = YES;
				CLANG_WARN_DIRECT_OBJC_ISA_USAGE = YES_ERROR;
				CLANG_WARN_DOCUMENTATION_COMMENTS = YES;
				CLANG_WARN_EMPTY_BODY = YES;
				CLANG_WARN_ENUM_CONVERSION = YES;
				CLANG_WARN_INFINITE_RECURSION = YES;
				CLANG_WARN_INT_CONVERSION = YES;
				CLANG_WARN_OBJC_ROOT_CLASS = YES_ERROR;
				CLANG_WARN_SUSPICIOUS_MOVES = YES;
				CLANG_WARN_UNREACHABLE_CODE = YES;
				CLANG_WARN__DUPLICATE_METHOD_MATCH = YES;
				CODE_SIGN_IDENTITY = "-";
				COPY_PHASE_STRIP = NO;
				DEBUG_INFORMATION_FORMAT = dwarf;
				ENABLE_STRICT_OBJC_MSGSEND = YES;
				ENABLE_TESTABILITY = YES;
				GCC_C_LANGUAGE_STANDARD = gnu99;
				GCC_DYNAMIC_NO_PIC = NO;
				GCC_NO_COMMON_BLOCKS = YES;
				GCC_OPTIMIZATION_LEVEL = 0;
				GCC_PREPROCESSOR_DEFINITIONS = (
					"DEBUG=1",
					"$(inherited)",
				);
				GCC_WARN_64_TO_32_BIT_CONVERSION = YES;
				GCC_WARN_ABOUT_RETURN_TYPE = YES_ERROR;
				GCC_WARN_UNDECLARED_SELECTOR = YES;
				GCC_WARN_UNINITIALIZED_AUTOS = YES_AGGRESSIVE;
				GCC_WARN_UNUSED_FUNCTION = YES;
				GCC_WARN_UNUSED_VARIABLE = YES;
				MACOSX_DEPLOYMENT_TARGET = 10.12;
				MTL_ENABLE_DEBUG_INFO = YES;
				ONLY_ACTIVE_ARCH = YES;
				SDKROOT = macosx;
			};
			name = Debug;
		};
		521606CC1DA6A39B002ED150 /* Release */ = {
			isa = XCBuildConfiguration;
			buildSettings = {
				ALWAYS_SEARCH_USER_PATHS = NO;
				CLANG_ANALYZER_NONNULL = YES;
				CLANG_CXX_LANGUAGE_STANDARD = "gnu++0x";
				CLANG_CXX_LIBRARY = "libc++";
				CLANG_ENABLE_MODULES = YES;
				CLANG_ENABLE_OBJC_ARC = YES;
				CLANG_WARN_BOOL_CONVERSION = YES;
				CLANG_WARN_CONSTANT_CONVERSION = YES;
				CLANG_WARN_DIRECT_OBJC_ISA_USAGE = YES_ERROR;
				CLANG_WARN_DOCUMENTATION_COMMENTS = YES;
				CLANG_WARN_EMPTY_BODY = YES;
				CLANG_WARN_ENUM_CONVERSION = YES;
				CLANG_WARN_INFINITE_RECURSION = YES;
				CLANG_WARN_INT_CONVERSION = YES;
				CLANG_WARN_OBJC_ROOT_CLASS = YES_ERROR;
				CLANG_WARN_SUSPICIOUS_MOVES = YES;
				CLANG_WARN_UNREACHABLE_CODE = YES;
				CLANG_WARN__DUPLICATE_METHOD_MATCH = YES;
				CODE_SIGN_IDENTITY = "-";
				COPY_PHASE_STRIP = NO;
				DEBUG_INFORMATION_FORMAT = "dwarf-with-dsym";
				ENABLE_NS_ASSERTIONS = NO;
				ENABLE_STRICT_OBJC_MSGSEND = YES;
				GCC_C_LANGUAGE_STANDARD = gnu99;
				GCC_NO_COMMON_BLOCKS = YES;
				GCC_WARN_64_TO_32_BIT_CONVERSION = YES;
				GCC_WARN_ABOUT_RETURN_TYPE = YES_ERROR;
				GCC_WARN_UNDECLARED_SELECTOR = YES;
				GCC_WARN_UNINITIALIZED_AUTOS = YES_AGGRESSIVE;
				GCC_WARN_UNUSED_FUNCTION = YES;
				GCC_WARN_UNUSED_VARIABLE = YES;
				MACOSX_DEPLOYMENT_TARGET = 10.12;
				MTL_ENABLE_DEBUG_INFO = NO;
				SDKROOT = macosx;
			};
			name = Release;
		};
		521606CE1DA6A39B002ED150 /* Debug */ = {
			isa = XCBuildConfiguration;
			buildSettings = {
				DEVELOPMENT_TEAM = 335TKEQHQK;
				PRODUCT_NAME = "$(TARGET_NAME)";
			};
			name = Debug;
		};
		521606CF1DA6A39B002ED150 /* Release */ = {
			isa = XCBuildConfiguration;
			buildSettings = {
				DEVELOPMENT_TEAM = 335TKEQHQK;
				PRODUCT_NAME = "$(TARGET_NAME)";
			};
			name = Release;
		};
/* End XCBuildConfiguration section */

/* Begin XCConfigurationList section */
		521606C11DA6A39A002ED150 /* Build configuration list for PBXProject "Group Project 2" */ = {
			isa = XCConfigurationList;
			buildConfigurations = (
				521606CB1DA6A39B002ED150 /* Debug */,
				521606CC1DA6A39B002ED150 /* Release */,
			);
			defaultConfigurationIsVisible = 0;
			defaultConfigurationName = Release;
		};
		521606CD1DA6A39B002ED150 /* Build configuration list for PBXNativeTarget "Group Project 2" */ = {
			isa = XCConfigurationList;
			buildConfigurations = (
				521606CE1DA6A39B002ED150 /* Debug */,
				521606CF1DA6A39B002ED150 /* Release */,
			);
			defaultConfigurationIsVisible = 0;
		};
/* End XCConfigurationList section */
	};
	rootObject = 521606BE1DA6A39A002ED150 /* Project object */;
}
